
Microsoft Visual Studio Solution File, Format Version 12.00
# Visual Studio 2012
Project("{FAE04EC0-301F-11D3-BF4B-00C04F79EFBC}") = "CEB_Electricity_Bill_Calculator", "CEB_Electricity_Bill_Calculator\CEB_Electricity_Bill_Calculator.csproj", "{DFDEFC47-E48D-4AC1-A11B-FD5073A0565A}"
EndProject
Global
	GlobalSection(SolutionConfigurationPlatforms) = preSolution
		Debug|Any CPU = Debug|Any CPU
		Release|Any CPU = Release|Any CPU
	EndGlobalSection
	GlobalSection(ProjectConfigurationPlatforms) = postSolution
		{DFDEFC47-E48D-4AC1-A11B-FD5073A0565A}.Debug|Any CPU.ActiveCfg = Debug|Any CPU
		{DFDEFC47-E48D-4AC1-A11B-FD5073A0565A}.Debug|Any CPU.Build.0 = Debug|Any CPU
		{DFDEFC47-E48D-4AC1-A11B-FD5073A0565A}.Release|Any CPU.ActiveCfg = Release|Any CPU
		{DFDEFC47-E48D-4AC1-A11B-FD5073A0565A}.Release|Any CPU.Build.0 = Release|Any CPU
	EndGlobalSection
	GlobalSection(SolutionProperties) = preSolution
		HideSolutionNode = FALSE
	EndGlobalSection
EndGlobal
